
Microsoft Visual Studio Solution File, Format Version 12.00
# Visual Studio 2013
VisualStudioVersion = 12.0.21005.1
MinimumVisualStudioVersion = 10.0.40219.1
Project("{8BC9CEB8-8B4A-11D0-8D11-00A0C91BC942}") = "NonBlockingServer", "NonBlockingServer\NonBlockingServer.vcxproj", "{7410E96C-3B9B-4A5F-8322-CDEE8B5F4B2E}"
EndProject
Global
	GlobalSection(SolutionConfigurationPlatforms) = preSolution
		Debug|Win32 = Debug|Win32
		Release|Win32 = Release|Win32
	EndGlobalSection
	GlobalSection(ProjectConfigurationPlatforms) = postSolution
		{7410E96C-3B9B-4A5F-8322-CDEE8B5F4B2E}.Debug|Win32.ActiveCfg = Debug|Win32
		{7410E96C-3B9B-4A5F-8322-CDEE8B5F4B2E}.Debug|Win32.Build.0 = Debug|Win32
		{7410E96C-3B9B-4A5F-8322-CDEE8B5F4B2E}.Release|Win32.ActiveCfg = Release|Win32
		{7410E96C-3B9B-4A5F-8322-CDEE8B5F4B2E}.Release|Win32.Build.0 = Release|Win32
	EndGlobalSection
	GlobalSection(SolutionProperties) = preSolution
		HideSolutionNode = FALSE
	EndGlobalSection
EndGlobal
